
Microsoft Visual Studio Solution File, Format Version 12.00
# Visual Studio 15
VisualStudioVersion = 15.0.26730.16
MinimumVisualStudioVersion = 10.0.40219.1
Project("{9A19103F-16F7-4668-BE54-9A1E7A4F7556}") = "FittsLead", "FittsLead\FittsLead.csproj", "{8C7F1A3A-EBEE-40A1-82A9-793681DFFB5C}"
EndProject
Global
	GlobalSection(SolutionConfigurationPlatforms) = preSolution
		Debug|Any CPU = Debug|Any CPU
		Release|Any CPU = Release|Any CPU
	EndGlobalSection
	GlobalSection(ProjectConfigurationPlatforms) = postSolution
		{8C7F1A3A-EBEE-40A1-82A9-793681DFFB5C}.Debug|Any CPU.ActiveCfg = Debug|Any CPU
		{8C7F1A3A-EBEE-40A1-82A9-793681DFFB5C}.Debug|Any CPU.Build.0 = Debug|Any CPU
		{8C7F1A3A-EBEE-40A1-82A9-793681DFFB5C}.Release|Any CPU.ActiveCfg = Release|Any CPU
		{8C7F1A3A-EBEE-40A1-82A9-793681DFFB5C}.Release|Any CPU.Build.0 = Release|Any CPU
	EndGlobalSection
	GlobalSection(SolutionProperties) = preSolution
		HideSolutionNode = FALSE
	EndGlobalSection
	GlobalSection(ExtensibilityGlobals) = postSolution
		SolutionGuid = {ABB596CC-2C5C-441D-ADD6-903A75535D77}
	EndGlobalSection
EndGlobal
